{
  "name": "asp.net",
  "version": "1.0.0",
  "lockfileVersion": 1,
  "requires": true,
  "dependencies": {
    "@fortawesome/fontawesome-free": {
      "version": "5.9.0",
      "resolved": "https://registry.npmjs.org/@fortawesome/fontawesome-free/-/fontawesome-free-5.9.0.tgz",
      "integrity": "sha512-g795BBEzM/Hq2SYNPm/NQTIp3IWd4eXSH0ds87Na2jnrAUFX3wkyZAI4Gwj9DOaWMuz2/01i8oWI7P7T/XLkhg==",
      "dev": true
    },
    "bootstrap": {
      "version": "4.5.3",
      "resolved": "https://registry.npmjs.org/bootstrap/-/bootstrap-4.5.3.tgz",
      "integrity": "sha512-o9ppKQioXGqhw8Z7mah6KdTYpNQY//tipnkxppWhPbiSWdD+1raYsnhwEZjkTHYbGee4cVQ0Rx65EhOY/HNLcQ==",
      "dev": true
    },
    "bootstrap-editable": {
      "version": "1.0.1",
      "resolved": "https://registry.npmjs.org/bootstrap-editable/-/bootstrap-editable-1.0.1.tgz",
      "integrity": "sha1-RFpnG1q1/td+jH9OX/vHlsYLUCM=",
      "dev": true
    },
    "bootstrap-table": {
      "version": "1.17.1",
      "resolved": "https://registry.npmjs.org/bootstrap-table/-/bootstrap-table-1.17.1.tgz",
      "integrity": "sha512-FEBd8xwaOLOLwtdme3HVr0RI0TPnvoMd/M3iVSX1w5ZLrbbMHU+Eh0YbGvOLSAfduL+9rDZ/cG/5Qe057o0cIg==",
      "dev": true
    },
    "bootstrap-toggle": {
      "version": "2.2.2",
      "resolved": "https://registry.npmjs.org/bootstrap-toggle/-/bootstrap-toggle-2.2.2.tgz",
      "integrity": "sha1-K4hTT8G5mGdPh3+Yug2LW3Q+lv4=",
      "dev": true
    },
    "bootstrap4-toggle": {
      "version": "3.6.1",
      "resolved": "https://registry.npmjs.org/bootstrap4-toggle/-/bootstrap4-toggle-3.6.1.tgz",
      "integrity": "sha512-eRejcTc9YurhZ64nHY9Ii9DQn+F9/R74H9RPoeANVM3N1+C2lZ2tUuFCx1w3orOJ1y/iG4A7iCwdDZphMDIrYg==",
      "dev": true
    },
    "codyhouse-framework": {
      "version": "2.8.0",
      "resolved": "https://registry.npmjs.org/codyhouse-framework/-/codyhouse-framework-2.8.0.tgz",
      "integrity": "sha512-DOcbmA6j9KeaCefFaTM8I1+dWE3iNbaCEjtfksHtA2CpZkxrFb4i+OZRQXRH93+2PNodE96iVyRYueTp9fdhaw==",
      "dev": true
    },
    "intl-tel-input": {
      "version": "9.2.7",
      "resolved": "https://registry.npmjs.org/intl-tel-input/-/intl-tel-input-9.2.7.tgz",
      "integrity": "sha1-6Fgb5M/5znINKlyL1eWO2hfKFts=",
      "dev": true
    },
    "jquery": {
      "version": "3.5.1",
      "resolved": "https://registry.npmjs.org/jquery/-/jquery-3.5.1.tgz",
      "integrity": "sha512-XwIBPqcMn57FxfT+Go5pzySnm4KWkT1Tv7gjrpT1srtf8Weynl6R273VJ5GjkRb51IzMp5nbaPjJXMWeju2MKg==",
      "dev": true
    },
    "jquery-validate": {
      "version": "2.0.0",
      "resolved": "https://registry.npmjs.org/jquery-validate/-/jquery-validate-2.0.0.tgz",
      "integrity": "sha1-qdqeVmgmJ/xPxUdMwdEMJoUJwlk=",
      "dev": true
    },
    "jquery-validation": {
      "version": "1.19.2",
      "resolved": "https://registry.npmjs.org/jquery-validation/-/jquery-validation-1.19.2.tgz",
      "integrity": "sha512-yHaAqOGaAB7+p2u5lpzhhQVt3CBMUw3fHcuCJ7nXmXz0LWLHPN7yOhwnocp5nrn2SmnXR1jpV+whx2j1kLz1tQ==",
      "dev": true
    },
    "jquery-validation-unobtrusive": {
      "version": "3.2.11",
      "resolved": "https://registry.npmjs.org/jquery-validation-unobtrusive/-/jquery-validation-unobtrusive-3.2.11.tgz",
      "integrity": "sha512-3FQPllaWdD+Aq55zJLGSW39+eXPDz1HhwAvrSwYi8zHQ8DVcu5IJ1HVeTiCl0BnCnrIBvfFU3zEB/DrGdcoRIQ==",
      "dev": true,
      "requires": {
        "jquery": ">=1.8",
        "jquery-validation": ">=1.16"
      }
    },
    "mdbootstrap": {
      "version": "4.9.0",
      "resolved": "https://registry.npmjs.org/mdbootstrap/-/mdbootstrap-4.9.0.tgz",
      "integrity": "sha512-6R3j5D9Qmp+Aa90FblOVAwVDSqpAICYW2dpNxh6uaVB9E9MCaBLdaTKLrXCB7xznReHEaA57pNABXgFoi2z7Rg==",
      "dev": true
    },
    "sweetalert2": {
      "version": "9.9.0",
      "resolved": "https://registry.npmjs.org/sweetalert2/-/sweetalert2-9.9.0.tgz",
      "integrity": "sha512-vJAJaVnNXxwah8QIwtuu6It8BRXP5xWlzcxF+bERDmQKr/1/9iWhoKQF7FF92CvV0FJ1LAGj2Is/0xMkQzGhmw==",
      "dev": true
    },
    "toastr": {
      "version": "2.1.4",
      "resolved": "https://registry.npmjs.org/toastr/-/toastr-2.1.4.tgz",
      "integrity": "sha1-i0O+ZPudDEFIcURvLbjoyk6V8YE=",
      "dev": true,
      "requires": {
        "jquery": ">=1.12.0"
      }
    },
    "x-editable": {
      "version": "1.5.1",
      "resolved": "https://registry.npmjs.org/x-editable/-/x-editable-1.5.1.tgz",
      "integrity": "sha1-Ltu4kR7yxdYfY/BrDPAgvg/MWEk=",
      "dev": true
    }
  }
}
