{
  "name": "asp.net",
  "version": "1.0.0",
  "lockfileVersion": 1,
  "requires": true,
  "dependencies": {
    "@fortawesome/fontawesome-free": {
      "version": "5.9.0",
      "resolved": "https://registry.npmjs.org/@fortawesome/fontawesome-free/-/fontawesome-free-5.9.0.tgz",
      "integrity": "sha512-g795BBEzM/Hq2SYNPm/NQTIp3IWd4eXSH0ds87Na2jnrAUFX3wkyZAI4Gwj9DOaWMuz2/01i8oWI7P7T/XLkhg==",
      "dev": true
    },
    "bootstrap": {
      "version": "5.0.0-alpha1",
      "resolved": "https://registry.npmjs.org/bootstrap/-/bootstrap-5.0.0-alpha1.tgz",
      "integrity": "sha512-iwKneP2pLXl8lN0YpnOuOARiNPTzmh/4cw+Un86u4OqrMLuQpyMC7nO07hvivvcg0B/ektJPjuPnS1s+YmRK9A==",
      "dev": true
    },
    "bootstrap-editable": {
      "version": "1.0.1",
      "resolved": "https://registry.npmjs.org/bootstrap-editable/-/bootstrap-editable-1.0.1.tgz",
      "integrity": "sha1-RFpnG1q1/td+jH9OX/vHlsYLUCM=",
      "dev": true
    },
    "bootstrap-table": {
      "version": "1.17.1",
      "resolved": "https://registry.npmjs.org/bootstrap-table/-/bootstrap-table-1.17.1.tgz",
      "integrity": "sha512-FEBd8xwaOLOLwtdme3HVr0RI0TPnvoMd/M3iVSX1w5ZLrbbMHU+Eh0YbGvOLSAfduL+9rDZ/cG/5Qe057o0cIg==",
      "dev": true
    },
    "bootstrap-toggle": {
      "version": "2.2.2",
      "resolved": "https://registry.npmjs.org/bootstrap-toggle/-/bootstrap-toggle-2.2.2.tgz",
      "integrity": "sha1-K4hTT8G5mGdPh3+Yug2LW3Q+lv4=",
      "dev": true
    },
    "bootstrap4-toggle": {
      "version": "3.6.1",
      "resolved": "https://registry.npmjs.org/bootstrap4-toggle/-/bootstrap4-toggle-3.6.1.tgz",
      "integrity": "sha512-eRejcTc9YurhZ64nHY9Ii9DQn+F9/R74H9RPoeANVM3N1+C2lZ2tUuFCx1w3orOJ1y/iG4A7iCwdDZphMDIrYg==",
      "dev": true
    },
    "mdbootstrap": {
      "version": "4.9.0",
      "resolved": "https://registry.npmjs.org/mdbootstrap/-/mdbootstrap-4.9.0.tgz",
      "integrity": "sha512-6R3j5D9Qmp+Aa90FblOVAwVDSqpAICYW2dpNxh6uaVB9E9MCaBLdaTKLrXCB7xznReHEaA57pNABXgFoi2z7Rg==",
      "dev": true
    },
    "sweetalert2": {
      "version": "9.9.0",
      "resolved": "https://registry.npmjs.org/sweetalert2/-/sweetalert2-9.9.0.tgz",
      "integrity": "sha512-vJAJaVnNXxwah8QIwtuu6It8BRXP5xWlzcxF+bERDmQKr/1/9iWhoKQF7FF92CvV0FJ1LAGj2Is/0xMkQzGhmw==",
      "dev": true
    },
    "x-editable": {
      "version": "1.5.1",
      "resolved": "https://registry.npmjs.org/x-editable/-/x-editable-1.5.1.tgz",
      "integrity": "sha1-Ltu4kR7yxdYfY/BrDPAgvg/MWEk=",
      "dev": true
    }
  }
}
